
Microsoft Visual Studio Solution File, Format Version 12.00
# Visual Studio Version 17
VisualStudioVersion = 17.14.36408.4 d17.14
MinimumVisualStudioVersion = 10.0.40219.1
Project("{FAE04EC0-301F-11D3-BF4B-00C04F79EFBC}") = "LojaBlusasAPI", "LojaBlusasAPI\LojaBlusasAPI.csproj", "{9E96E101-7EE8-4799-8E53-35537CA8A733}"
EndProject
Global
	GlobalSection(SolutionConfigurationPlatforms) = preSolution
		Debug|Any CPU = Debug|Any CPU
		Release|Any CPU = Release|Any CPU
	EndGlobalSection
	GlobalSection(ProjectConfigurationPlatforms) = postSolution
		{9E96E101-7EE8-4799-8E53-35537CA8A733}.Debug|Any CPU.ActiveCfg = Debug|Any CPU
		{9E96E101-7EE8-4799-8E53-35537CA8A733}.Debug|Any CPU.Build.0 = Debug|Any CPU
		{9E96E101-7EE8-4799-8E53-35537CA8A733}.Release|Any CPU.ActiveCfg = Release|Any CPU
		{9E96E101-7EE8-4799-8E53-35537CA8A733}.Release|Any CPU.Build.0 = Release|Any CPU
	EndGlobalSection
	GlobalSection(SolutionProperties) = preSolution
		HideSolutionNode = FALSE
	EndGlobalSection
	GlobalSection(ExtensibilityGlobals) = postSolution
		SolutionGuid = {FF4740D2-C5D1-410F-9A1B-0A6BF0C4BB37}
	EndGlobalSection
EndGlobal
